
Microsoft Visual Studio Solution File, Format Version 12.00
# Visual Studio 15
VisualStudioVersion = 15.0.28307.271
MinimumVisualStudioVersion = 10.0.40219.1
Project("{FAE04EC0-301F-11D3-BF4B-00C04F79EFBC}") = "01-ByteBank", "01-ByteBank\01-ByteBank.csproj", "{F57A8B40-1BD2-49E9-BD02-45428C085F29}"
EndProject
Project("{FAE04EC0-301F-11D3-BF4B-00C04F79EFBC}") = "02-ByteBank", "02-ByteBank\02-ByteBank.csproj", "{DA32AA7A-7A38-4E2A-8359-8F7AB27301E6}"
EndProject
Project("{FAE04EC0-301F-11D3-BF4B-00C04F79EFBC}") = "03-ByteBank", "03-ByteBank\03-ByteBank.csproj", "{1A991AE1-2DC5-492A-9345-CA24B4ADE395}"
EndProject
Project("{FAE04EC0-301F-11D3-BF4B-00C04F79EFBC}") = "04-ByteBank", "04-ByteBank\04-ByteBank.csproj", "{0A94780D-5ADC-401A-AAB5-1A31DF54EA3A}"
EndProject
Project("{FAE04EC0-301F-11D3-BF4B-00C04F79EFBC}") = "05-ByteBank", "05-ByteBank\05-ByteBank.csproj", "{01F48819-90EA-4A42-964A-0F454ABEDDF1}"
EndProject
Project("{FAE04EC0-301F-11D3-BF4B-00C04F79EFBC}") = "06-ByteBank", "06-ByteBank\06-ByteBank.csproj", "{6BD0C552-09C0-443E-B8B2-96FCB26E33C9}"
EndProject
Project("{FAE04EC0-301F-11D3-BF4B-00C04F79EFBC}") = "07-ByteBank", "07-ByteBank\07-ByteBank.csproj", "{B76C63B7-93B3-40AF-AEB6-70175BD2E318}"
EndProject
Global
	GlobalSection(SolutionConfigurationPlatforms) = preSolution
		Debug|Any CPU = Debug|Any CPU
		Release|Any CPU = Release|Any CPU
	EndGlobalSection
	GlobalSection(ProjectConfigurationPlatforms) = postSolution
		{F57A8B40-1BD2-49E9-BD02-45428C085F29}.Debug|Any CPU.ActiveCfg = Debug|Any CPU
		{F57A8B40-1BD2-49E9-BD02-45428C085F29}.Debug|Any CPU.Build.0 = Debug|Any CPU
		{F57A8B40-1BD2-49E9-BD02-45428C085F29}.Release|Any CPU.ActiveCfg = Release|Any CPU
		{F57A8B40-1BD2-49E9-BD02-45428C085F29}.Release|Any CPU.Build.0 = Release|Any CPU
		{DA32AA7A-7A38-4E2A-8359-8F7AB27301E6}.Debug|Any CPU.ActiveCfg = Debug|Any CPU
		{DA32AA7A-7A38-4E2A-8359-8F7AB27301E6}.Debug|Any CPU.Build.0 = Debug|Any CPU
		{DA32AA7A-7A38-4E2A-8359-8F7AB27301E6}.Release|Any CPU.ActiveCfg = Release|Any CPU
		{DA32AA7A-7A38-4E2A-8359-8F7AB27301E6}.Release|Any CPU.Build.0 = Release|Any CPU
		{1A991AE1-2DC5-492A-9345-CA24B4ADE395}.Debug|Any CPU.ActiveCfg = Debug|Any CPU
		{1A991AE1-2DC5-492A-9345-CA24B4ADE395}.Debug|Any CPU.Build.0 = Debug|Any CPU
		{1A991AE1-2DC5-492A-9345-CA24B4ADE395}.Release|Any CPU.ActiveCfg = Release|Any CPU
		{1A991AE1-2DC5-492A-9345-CA24B4ADE395}.Release|Any CPU.Build.0 = Release|Any CPU
		{0A94780D-5ADC-401A-AAB5-1A31DF54EA3A}.Debug|Any CPU.ActiveCfg = Debug|Any CPU
		{0A94780D-5ADC-401A-AAB5-1A31DF54EA3A}.Debug|Any CPU.Build.0 = Debug|Any CPU
		{0A94780D-5ADC-401A-AAB5-1A31DF54EA3A}.Release|Any CPU.ActiveCfg = Release|Any CPU
		{0A94780D-5ADC-401A-AAB5-1A31DF54EA3A}.Release|Any CPU.Build.0 = Release|Any CPU
		{01F48819-90EA-4A42-964A-0F454ABEDDF1}.Debug|Any CPU.ActiveCfg = Debug|Any CPU
		{01F48819-90EA-4A42-964A-0F454ABEDDF1}.Debug|Any CPU.Build.0 = Debug|Any CPU
		{01F48819-90EA-4A42-964A-0F454ABEDDF1}.Release|Any CPU.ActiveCfg = Release|Any CPU
		{01F48819-90EA-4A42-964A-0F454ABEDDF1}.Release|Any CPU.Build.0 = Release|Any CPU
		{6BD0C552-09C0-443E-B8B2-96FCB26E33C9}.Debug|Any CPU.ActiveCfg = Debug|Any CPU
		{6BD0C552-09C0-443E-B8B2-96FCB26E33C9}.Debug|Any CPU.Build.0 = Debug|Any CPU
		{6BD0C552-09C0-443E-B8B2-96FCB26E33C9}.Release|Any CPU.ActiveCfg = Release|Any CPU
		{6BD0C552-09C0-443E-B8B2-96FCB26E33C9}.Release|Any CPU.Build.0 = Release|Any CPU
		{B76C63B7-93B3-40AF-AEB6-70175BD2E318}.Debug|Any CPU.ActiveCfg = Debug|Any CPU
		{B76C63B7-93B3-40AF-AEB6-70175BD2E318}.Debug|Any CPU.Build.0 = Debug|Any CPU
		{B76C63B7-93B3-40AF-AEB6-70175BD2E318}.Release|Any CPU.ActiveCfg = Release|Any CPU
		{B76C63B7-93B3-40AF-AEB6-70175BD2E318}.Release|Any CPU.Build.0 = Release|Any CPU
	EndGlobalSection
	GlobalSection(SolutionProperties) = preSolution
		HideSolutionNode = FALSE
	EndGlobalSection
	GlobalSection(ExtensibilityGlobals) = postSolution
		SolutionGuid = {9E413E63-E299-42A7-B6C2-1B3EFB15ABF2}
	EndGlobalSection
EndGlobal
